<?xml version="1.0" encoding="utf-8"?>
<Project ToolsVersion="4.0" xmlns="http://schemas.microsoft.com/developer/msbuild/2003">
  <ItemGroup>
    <Filter Include="99.Defines">
      <UniqueIdentifier>{4514ebf0-f86d-4c94-902f-3466ca432c29}</UniqueIdentifier>
    </Filter>
    <Filter Include="00.System">
      <UniqueIdentifier>{37aee331-bf9f-4c50-b402-63ebf145bf28}</UniqueIdentifier>
    </Filter>
    <Filter Include="01.Utility">
      <UniqueIdentifier>{3b2b6155-f3de-473e-9d7a-7f5344c2f2bc}</UniqueIdentifier>
    </Filter>
    <Filter Include="01.Utility\99.SuperClass">
      <UniqueIdentifier>{b68d4135-6767-4c55-a2fa-ff1f23cc1c55}</UniqueIdentifier>
    </Filter>
    <Filter Include="00.System\00.Device">
      <UniqueIdentifier>{3affc44b-3392-4fec-af46-02c0c7bf3f27}</UniqueIdentifier>
    </Filter>
    <Filter Include="00.System\00.Device\Graphic">
      <UniqueIdentifier>{3d48966e-0d2a-43f3-827e-bd8da85d3ee1}</UniqueIdentifier>
    </Filter>
    <Filter Include="00.System\00.Device\Input">
      <UniqueIdentifier>{4ce5ec80-c551-480c-90ec-37ff9ca473a5}</UniqueIdentifier>
    </Filter>
    <Filter Include="01.Utility\00.GameInstance">
      <UniqueIdentifier>{4c92576e-9f8b-439f-bf2b-49f4a7185a6b}</UniqueIdentifier>
    </Filter>
    <Filter Include="01.Utility\01.Levels">
      <UniqueIdentifier>{226febad-2646-4fac-87e0-cce0f0195240}</UniqueIdentifier>
    </Filter>
    <Filter Include="01.Utility\01.Levels\Manager">
      <UniqueIdentifier>{33e638a8-09ce-4375-b8e6-f6cd473dd1bd}</UniqueIdentifier>
    </Filter>
    <Filter Include="00.System\01.Timers">
      <UniqueIdentifier>{9c051bdf-1f96-44d0-86f8-293310ffd54c}</UniqueIdentifier>
    </Filter>
    <Filter Include="00.System\01.Timers\Manager">
      <UniqueIdentifier>{0755562c-4767-48c9-a400-6e610919d44a}</UniqueIdentifier>
    </Filter>
    <Filter Include="01.Utility\02.GameObjects">
      <UniqueIdentifier>{7c5dd5d2-2b89-4ba5-9a0f-2694eb91d599}</UniqueIdentifier>
    </Filter>
    <Filter Include="01.Utility\02.GameObjects\Manager">
      <UniqueIdentifier>{ee01d630-5290-476e-ab76-b0dfb0d9c404}</UniqueIdentifier>
    </Filter>
    <Filter Include="01.Utility\02.GameObjects\Manager\Layer">
      <UniqueIdentifier>{2a1cf938-4465-4a8a-87ae-8cf6ddee3aab}</UniqueIdentifier>
    </Filter>
    <Filter Include="01.Utility\03.Renderer">
      <UniqueIdentifier>{9b9c5ae7-f822-4b72-b799-d9444f4542b9}</UniqueIdentifier>
    </Filter>
    <Filter Include="01.Utility\04.Components">
      <UniqueIdentifier>{5a106bce-f489-4d29-b66f-20ca8317fbf3}</UniqueIdentifier>
    </Filter>
    <Filter Include="01.Utility\04.Components\Manager">
      <UniqueIdentifier>{5631698f-74ce-4417-9334-8039aa2f787f}</UniqueIdentifier>
    </Filter>
    <Filter Include="01.Utility\04.Components\Texture">
      <UniqueIdentifier>{23dba857-aa6e-4743-a5e9-eea5f2105113}</UniqueIdentifier>
    </Filter>
    <Filter Include="01.Utility\04.Components\VIBuffer">
      <UniqueIdentifier>{64aabf14-8086-404f-901b-cb2b92e715b1}</UniqueIdentifier>
    </Filter>
    <Filter Include="01.Utility\04.Components\VIBuffer\Rect">
      <UniqueIdentifier>{eb66a9e7-7ee7-415b-aa17-0cd8fae65f57}</UniqueIdentifier>
    </Filter>
    <Filter Include="01.Utility\04.Components\Transform">
      <UniqueIdentifier>{62fb4a18-0596-48b3-835d-a02ca77c067e}</UniqueIdentifier>
    </Filter>
  </ItemGroup>
  <ItemGroup>
    <ClCompile Include="..\Private\Base.cpp">
      <Filter>01.Utility\99.SuperClass</Filter>
    </ClCompile>
    <ClCompile Include="..\Private\Graphic_Device.cpp">
      <Filter>00.System\00.Device\Graphic</Filter>
    </ClCompile>
    <ClCompile Include="..\private\GameInstance.cpp">
      <Filter>01.Utility\00.GameInstance</Filter>
    </ClCompile>
    <ClCompile Include="..\private\Level.cpp">
      <Filter>01.Utility\01.Levels</Filter>
    </ClCompile>
    <ClCompile Include="..\private\Level_Manager.cpp">
      <Filter>01.Utility\01.Levels\Manager</Filter>
    </ClCompile>
    <ClCompile Include="..\Private\Timer.cpp">
      <Filter>00.System\01.Timers</Filter>
    </ClCompile>
    <ClCompile Include="..\private\Timer_Manager.cpp">
      <Filter>00.System\01.Timers\Manager</Filter>
    </ClCompile>
    <ClCompile Include="..\private\GameObject.cpp">
      <Filter>01.Utility\02.GameObjects</Filter>
    </ClCompile>
    <ClCompile Include="..\private\Object_Manager.cpp">
      <Filter>01.Utility\02.GameObjects\Manager</Filter>
    </ClCompile>
    <ClCompile Include="..\private\Layer.cpp">
      <Filter>01.Utility\02.GameObjects\Manager\Layer</Filter>
    </ClCompile>
    <ClCompile Include="..\Private\Renderer.cpp">
      <Filter>01.Utility\03.Renderer</Filter>
    </ClCompile>
    <ClCompile Include="..\private\Component.cpp">
      <Filter>01.Utility\04.Components</Filter>
    </ClCompile>
    <ClCompile Include="..\private\Component_Manager.cpp">
      <Filter>01.Utility\04.Components\Manager</Filter>
    </ClCompile>
    <ClCompile Include="..\private\Texture.cpp">
      <Filter>01.Utility\04.Components\Texture</Filter>
    </ClCompile>
    <ClCompile Include="..\private\VIBuffer.cpp">
      <Filter>01.Utility\04.Components\VIBuffer</Filter>
    </ClCompile>
    <ClCompile Include="..\private\VIBuffer_Rect.cpp">
      <Filter>01.Utility\04.Components\VIBuffer\Rect</Filter>
    </ClCompile>
    <ClCompile Include="..\private\Transform.cpp">
      <Filter>01.Utility\04.Components\Transform</Filter>
    </ClCompile>
  </ItemGroup>
  <ItemGroup>
    <ClInclude Include="..\Public\Base.h">
      <Filter>01.Utility\99.SuperClass</Filter>
    </ClInclude>
    <ClInclude Include="..\Public\Engine_Defines.h">
      <Filter>99.Defines</Filter>
    </ClInclude>
    <ClInclude Include="..\Public\Engine_Macro.h">
      <Filter>99.Defines</Filter>
    </ClInclude>
    <ClInclude Include="..\Public\Engine_Struct.h">
      <Filter>99.Defines</Filter>
    </ClInclude>
    <ClInclude Include="..\Public\Engine_Typedef.h">
      <Filter>99.Defines</Filter>
    </ClInclude>
    <ClInclude Include="..\Public\Engine_Function.h">
      <Filter>99.Defines</Filter>
    </ClInclude>
    <ClInclude Include="..\Public\Graphic_Device.h">
      <Filter>00.System\00.Device\Graphic</Filter>
    </ClInclude>
    <ClInclude Include="..\public\GameInstance.h">
      <Filter>01.Utility\00.GameInstance</Filter>
    </ClInclude>
    <ClInclude Include="..\public\Level.h">
      <Filter>01.Utility\01.Levels</Filter>
    </ClInclude>
    <ClInclude Include="..\public\Level_Manager.h">
      <Filter>01.Utility\01.Levels\Manager</Filter>
    </ClInclude>
    <ClInclude Include="..\Public\Timer.h">
      <Filter>00.System\01.Timers</Filter>
    </ClInclude>
    <ClInclude Include="..\public\Timer_Manager.h">
      <Filter>00.System\01.Timers\Manager</Filter>
    </ClInclude>
    <ClInclude Include="..\public\GameObject.h">
      <Filter>01.Utility\02.GameObjects</Filter>
    </ClInclude>
    <ClInclude Include="..\public\Object_Manager.h">
      <Filter>01.Utility\02.GameObjects\Manager</Filter>
    </ClInclude>
    <ClInclude Include="..\public\Layer.h">
      <Filter>01.Utility\02.GameObjects\Manager\Layer</Filter>
    </ClInclude>
    <ClInclude Include="..\Public\Renderer.h">
      <Filter>01.Utility\03.Renderer</Filter>
    </ClInclude>
    <ClInclude Include="..\public\Component.h">
      <Filter>01.Utility\04.Components</Filter>
    </ClInclude>
    <ClInclude Include="..\public\Component_Manager.h">
      <Filter>01.Utility\04.Components\Manager</Filter>
    </ClInclude>
    <ClInclude Include="..\public\Texture.h">
      <Filter>01.Utility\04.Components\Texture</Filter>
    </ClInclude>
    <ClInclude Include="..\public\VIBuffer.h">
      <Filter>01.Utility\04.Components\VIBuffer</Filter>
    </ClInclude>
    <ClInclude Include="..\public\VIBuffer_Rect.h">
      <Filter>01.Utility\04.Components\VIBuffer\Rect</Filter>
    </ClInclude>
    <ClInclude Include="..\public\Transform.h">
      <Filter>01.Utility\04.Components\Transform</Filter>
    </ClInclude>
  </ItemGroup>
</Project>